
Microsoft Visual Studio Solution File, Format Version 12.00
# Visual Studio 15
VisualStudioVersion = 15.0.27428.2011
MinimumVisualStudioVersion = 10.0.40219.1
Project("{2150E333-8FDC-42A3-9474-1A3956D46DE8}") = "sources", "sources", "{5B2376E4-79A9-4CCF-B999-6AE7479152F5}"
EndProject
Project("{2150E333-8FDC-42A3-9474-1A3956D46DE8}") = "service", "service", "{F552B54F-A033-4422-A64A-7985668E3CB1}"
EndProject
Project("{2150E333-8FDC-42A3-9474-1A3956D46DE8}") = "web", "web", "{DF18FDA8-B222-40AB-AE3D-D620F39DF1A4}"
EndProject
Project("{E53339B2-1760-4266-BCC7-CA923CBCF16C}") = "docker-compose", "docker-compose.dcproj", "{CAD0F3EE-8377-44D4-928B-222A90216C7F}"
EndProject
Project("{9A19103F-16F7-4668-BE54-9A1E7A4F7556}") = "Driver", "sources\Driver\Driver.csproj", "{B95C4B96-0D4F-4D07-A20A-A6561A91E1AB}"
EndProject
Project("{9A19103F-16F7-4668-BE54-9A1E7A4F7556}") = "Controller", "service\Controller\Controller.csproj", "{5CA315D6-F7E0-4550-9041-78AEBC6436F7}"
EndProject
Project("{2150E333-8FDC-42A3-9474-1A3956D46DE8}") = "api", "api", "{71BC9F58-E89F-412F-B3EC-965DC896DCC0}"
EndProject
Project("{9A19103F-16F7-4668-BE54-9A1E7A4F7556}") = "Documents.Api", "api\Documents.Api\Documents.Api.csproj", "{DD2871F7-F7B0-4C1F-AA79-0DDECD35161D}"
EndProject
Project("{FAE04EC0-301F-11D3-BF4B-00C04F79EFBC}") = "WebClient", "web\WebClient\WebClient.csproj", "{178A33C1-D717-4380-9A46-FA2C485CCF0C}"
EndProject
Project("{2150E333-8FDC-42A3-9474-1A3956D46DE8}") = "common", "common", "{7E343EF0-5123-4F5C-8319-0C58C4FB9E31}"
EndProject
Project("{FAE04EC0-301F-11D3-BF4B-00C04F79EFBC}") = "Bus.Events", "common\Bus.Events\Bus.Events.csproj", "{8C4AFA77-315E-4098-9AAA-2C2F4EBF2A9B}"
EndProject
Global
	GlobalSection(SolutionConfigurationPlatforms) = preSolution
		Debug|Any CPU = Debug|Any CPU
		Release|Any CPU = Release|Any CPU
	EndGlobalSection
	GlobalSection(ProjectConfigurationPlatforms) = postSolution
		{CAD0F3EE-8377-44D4-928B-222A90216C7F}.Debug|Any CPU.ActiveCfg = Debug|Any CPU
		{CAD0F3EE-8377-44D4-928B-222A90216C7F}.Debug|Any CPU.Build.0 = Debug|Any CPU
		{CAD0F3EE-8377-44D4-928B-222A90216C7F}.Release|Any CPU.ActiveCfg = Release|Any CPU
		{CAD0F3EE-8377-44D4-928B-222A90216C7F}.Release|Any CPU.Build.0 = Release|Any CPU
		{B95C4B96-0D4F-4D07-A20A-A6561A91E1AB}.Debug|Any CPU.ActiveCfg = Debug|Any CPU
		{B95C4B96-0D4F-4D07-A20A-A6561A91E1AB}.Debug|Any CPU.Build.0 = Debug|Any CPU
		{B95C4B96-0D4F-4D07-A20A-A6561A91E1AB}.Release|Any CPU.ActiveCfg = Release|Any CPU
		{B95C4B96-0D4F-4D07-A20A-A6561A91E1AB}.Release|Any CPU.Build.0 = Release|Any CPU
		{5CA315D6-F7E0-4550-9041-78AEBC6436F7}.Debug|Any CPU.ActiveCfg = Debug|Any CPU
		{5CA315D6-F7E0-4550-9041-78AEBC6436F7}.Debug|Any CPU.Build.0 = Debug|Any CPU
		{5CA315D6-F7E0-4550-9041-78AEBC6436F7}.Release|Any CPU.ActiveCfg = Release|Any CPU
		{5CA315D6-F7E0-4550-9041-78AEBC6436F7}.Release|Any CPU.Build.0 = Release|Any CPU
		{DD2871F7-F7B0-4C1F-AA79-0DDECD35161D}.Debug|Any CPU.ActiveCfg = Debug|Any CPU
		{DD2871F7-F7B0-4C1F-AA79-0DDECD35161D}.Debug|Any CPU.Build.0 = Debug|Any CPU
		{DD2871F7-F7B0-4C1F-AA79-0DDECD35161D}.Release|Any CPU.ActiveCfg = Release|Any CPU
		{DD2871F7-F7B0-4C1F-AA79-0DDECD35161D}.Release|Any CPU.Build.0 = Release|Any CPU
		{178A33C1-D717-4380-9A46-FA2C485CCF0C}.Debug|Any CPU.ActiveCfg = Debug|Any CPU
		{178A33C1-D717-4380-9A46-FA2C485CCF0C}.Debug|Any CPU.Build.0 = Debug|Any CPU
		{178A33C1-D717-4380-9A46-FA2C485CCF0C}.Release|Any CPU.ActiveCfg = Release|Any CPU
		{178A33C1-D717-4380-9A46-FA2C485CCF0C}.Release|Any CPU.Build.0 = Release|Any CPU
		{8C4AFA77-315E-4098-9AAA-2C2F4EBF2A9B}.Debug|Any CPU.ActiveCfg = Debug|Any CPU
		{8C4AFA77-315E-4098-9AAA-2C2F4EBF2A9B}.Debug|Any CPU.Build.0 = Debug|Any CPU
		{8C4AFA77-315E-4098-9AAA-2C2F4EBF2A9B}.Release|Any CPU.ActiveCfg = Release|Any CPU
		{8C4AFA77-315E-4098-9AAA-2C2F4EBF2A9B}.Release|Any CPU.Build.0 = Release|Any CPU
	EndGlobalSection
	GlobalSection(SolutionProperties) = preSolution
		HideSolutionNode = FALSE
	EndGlobalSection
	GlobalSection(NestedProjects) = preSolution
		{B95C4B96-0D4F-4D07-A20A-A6561A91E1AB} = {5B2376E4-79A9-4CCF-B999-6AE7479152F5}
		{5CA315D6-F7E0-4550-9041-78AEBC6436F7} = {F552B54F-A033-4422-A64A-7985668E3CB1}
		{DD2871F7-F7B0-4C1F-AA79-0DDECD35161D} = {71BC9F58-E89F-412F-B3EC-965DC896DCC0}
		{178A33C1-D717-4380-9A46-FA2C485CCF0C} = {DF18FDA8-B222-40AB-AE3D-D620F39DF1A4}
		{8C4AFA77-315E-4098-9AAA-2C2F4EBF2A9B} = {7E343EF0-5123-4F5C-8319-0C58C4FB9E31}
	EndGlobalSection
	GlobalSection(ExtensibilityGlobals) = postSolution
		SolutionGuid = {BC18734D-2DD3-4714-9B72-475A80C39C2B}
	EndGlobalSection
EndGlobal
